
Microsoft Visual Studio Solution File, Format Version 12.00
# Visual Studio 15
VisualStudioVersion = 15.0.28010.2016
MinimumVisualStudioVersion = 10.0.40219.1
Project("{FAE04EC0-301F-11D3-BF4B-00C04F79EFBC}") = "imageCreater", "imageCreater\imageCreater.csproj", "{D3639515-D4E4-42F1-8E57-9AA85C1E51E0}"
EndProject
Global
	GlobalSection(SolutionConfigurationPlatforms) = preSolution
		Debug|Any CPU = Debug|Any CPU
		Release|Any CPU = Release|Any CPU
	EndGlobalSection
	GlobalSection(ProjectConfigurationPlatforms) = postSolution
		{D3639515-D4E4-42F1-8E57-9AA85C1E51E0}.Debug|Any CPU.ActiveCfg = Debug|Any CPU
		{D3639515-D4E4-42F1-8E57-9AA85C1E51E0}.Debug|Any CPU.Build.0 = Debug|Any CPU
		{D3639515-D4E4-42F1-8E57-9AA85C1E51E0}.Release|Any CPU.ActiveCfg = Release|Any CPU
		{D3639515-D4E4-42F1-8E57-9AA85C1E51E0}.Release|Any CPU.Build.0 = Release|Any CPU
	EndGlobalSection
	GlobalSection(SolutionProperties) = preSolution
		HideSolutionNode = FALSE
	EndGlobalSection
	GlobalSection(ExtensibilityGlobals) = postSolution
		SolutionGuid = {0754D5A4-2FF5-4D8B-A16B-4F05F2D501B2}
	EndGlobalSection
EndGlobal
